
Microsoft Visual Studio Solution File, Format Version 12.00
# Visual Studio Version 17
VisualStudioVersion = 17.14.36623.8
MinimumVisualStudioVersion = 10.0.40219.1
Project("{FAE04EC0-301F-11D3-BF4B-00C04F79EFBC}") = "BookHub.Api", "BookHub.Api\BookHub.Api.csproj", "{B904C179-673D-443C-99EF-336C1A88F9F1}"
EndProject
Project("{FAE04EC0-301F-11D3-BF4B-00C04F79EFBC}") = "BookHub.Core", "BookHub.Core\BookHub.Core.csproj", "{276F4BC5-9BE7-402D-A42B-754906227B26}"
EndProject
Project("{FAE04EC0-301F-11D3-BF4B-00C04F79EFBC}") = "BookHub.Infrastructure", "BookHub.Infrastructure\BookHub.Infrastructure.csproj", "{3E45BA3F-F467-42D5-A59D-CAD5783625DE}"
EndProject
Project("{2150E333-8FDC-42A3-9474-1A3956D46DE8}") = "Solution Items", "Solution Items", "{8EC462FD-D22E-90A8-E5CE-7E832BA40C5D}"
	ProjectSection(SolutionItems) = preProject
		.dockerignore = .dockerignore
		Solution Items\BookHub API.postman_collection.json = Solution Items\BookHub API.postman_collection.json
		Dockerfile = Dockerfile
	EndProjectSection
EndProject
Project("{FAE04EC0-301F-11D3-BF4B-00C04F79EFBC}") = "BookHub.Tests", "BookHub.Tests\BookHub.Tests.csproj", "{67211B54-CFD4-4FC2-BF1A-A864C8F24FD2}"
EndProject
Project("{2150E333-8FDC-42A3-9474-1A3956D46DE8}") = ".github", ".github", "{02EA681E-C7D8-13C7-8484-4AC65E1B71E8}"
EndProject
Project("{2150E333-8FDC-42A3-9474-1A3956D46DE8}") = "workflows", "workflows", "{1C05C298-8F53-451D-B67A-CE3F5433D268}"
	ProjectSection(SolutionItems) = preProject
		.github\workflows\ci.yml = .github\workflows\ci.yml
		.github\workflows\deploy.yml = .github\workflows\deploy.yml
	EndProjectSection
EndProject
Global
	GlobalSection(SolutionConfigurationPlatforms) = preSolution
		Debug|Any CPU = Debug|Any CPU
		Release|Any CPU = Release|Any CPU
	EndGlobalSection
	GlobalSection(ProjectConfigurationPlatforms) = postSolution
		{B904C179-673D-443C-99EF-336C1A88F9F1}.Debug|Any CPU.ActiveCfg = Debug|Any CPU
		{B904C179-673D-443C-99EF-336C1A88F9F1}.Debug|Any CPU.Build.0 = Debug|Any CPU
		{B904C179-673D-443C-99EF-336C1A88F9F1}.Release|Any CPU.ActiveCfg = Release|Any CPU
		{B904C179-673D-443C-99EF-336C1A88F9F1}.Release|Any CPU.Build.0 = Release|Any CPU
		{276F4BC5-9BE7-402D-A42B-754906227B26}.Debug|Any CPU.ActiveCfg = Debug|Any CPU
		{276F4BC5-9BE7-402D-A42B-754906227B26}.Debug|Any CPU.Build.0 = Debug|Any CPU
		{276F4BC5-9BE7-402D-A42B-754906227B26}.Release|Any CPU.ActiveCfg = Release|Any CPU
		{276F4BC5-9BE7-402D-A42B-754906227B26}.Release|Any CPU.Build.0 = Release|Any CPU
		{3E45BA3F-F467-42D5-A59D-CAD5783625DE}.Debug|Any CPU.ActiveCfg = Debug|Any CPU
		{3E45BA3F-F467-42D5-A59D-CAD5783625DE}.Debug|Any CPU.Build.0 = Debug|Any CPU
		{3E45BA3F-F467-42D5-A59D-CAD5783625DE}.Release|Any CPU.ActiveCfg = Release|Any CPU
		{3E45BA3F-F467-42D5-A59D-CAD5783625DE}.Release|Any CPU.Build.0 = Release|Any CPU
		{67211B54-CFD4-4FC2-BF1A-A864C8F24FD2}.Debug|Any CPU.ActiveCfg = Debug|Any CPU
		{67211B54-CFD4-4FC2-BF1A-A864C8F24FD2}.Debug|Any CPU.Build.0 = Debug|Any CPU
		{67211B54-CFD4-4FC2-BF1A-A864C8F24FD2}.Release|Any CPU.ActiveCfg = Release|Any CPU
		{67211B54-CFD4-4FC2-BF1A-A864C8F24FD2}.Release|Any CPU.Build.0 = Release|Any CPU
	EndGlobalSection
	GlobalSection(SolutionProperties) = preSolution
		HideSolutionNode = FALSE
	EndGlobalSection
	GlobalSection(NestedProjects) = preSolution
		{1C05C298-8F53-451D-B67A-CE3F5433D268} = {02EA681E-C7D8-13C7-8484-4AC65E1B71E8}
	EndGlobalSection
	GlobalSection(ExtensibilityGlobals) = postSolution
		SolutionGuid = {99F43C16-E4E2-4892-AE6F-41AB5D70100A}
	EndGlobalSection
EndGlobal
